Microsoft Visual Studio Solution File, Format Version 12.00
# Visual Studio Version 17
VisualStudioVersion = 17.5.2.0
MinimumVisualStudioVersion = 10.0.40219.1
Project("{FAE04EC0-301F-11D3-BF4B-00C04F79EFBC}") = "GerenciadorContas.Api", "GerenciadorContas.Api.csproj", "{72F6A025-F119-B228-EBEA-F4177031A031}"
EndProject
Global
	GlobalSection(SolutionConfigurationPlatforms) = preSolution
		Debug|Any CPU = Debug|Any CPU
		Release|Any CPU = Release|Any CPU
	EndGlobalSection
	GlobalSection(ProjectConfigurationPlatforms) = postSolution
		{72F6A025-F119-B228-EBEA-F4177031A031}.Debug|Any CPU.ActiveCfg = Debug|Any CPU
		{72F6A025-F119-B228-EBEA-F4177031A031}.Debug|Any CPU.Build.0 = Debug|Any CPU
		{72F6A025-F119-B228-EBEA-F4177031A031}.Release|Any CPU.ActiveCfg = Release|Any CPU
		{72F6A025-F119-B228-EBEA-F4177031A031}.Release|Any CPU.Build.0 = Release|Any CPU
	EndGlobalSection
	GlobalSection(SolutionProperties) = preSolution
		HideSolutionNode = FALSE
	EndGlobalSection
	GlobalSection(ExtensibilityGlobals) = postSolution
		SolutionGuid = {CEA34D59-620A-42CC-82EA-79970D9E846E}
	EndGlobalSection
EndGlobal
